
Microsoft Visual Studio Solution File, Format Version 12.00
# Visual Studio 14
VisualStudioVersion = 14.0.23107.0
MinimumVisualStudioVersion = 10.0.40219.1
Project("{2150E333-8FDC-42A3-9474-1A3956D46DE8}") = ".paket", ".paket", "{CE0FD797-F05C-4E38-B1FA-20FB3DCDC489}"
	ProjectSection(SolutionItems) = preProject
		paket.dependencies = paket.dependencies
	EndProjectSection
EndProject
Project("{FAE04EC0-301F-11D3-BF4B-00C04F79EFBC}") = "BankingService", "BankingService\BankingService.csproj", "{824F7566-19D1-4176-BD50-32C6CF8FD950}"
	ProjectSection(ProjectDependencies) = postProject
		{47F53381-A6B4-4E13-A6E7-2344A9E21096} = {47F53381-A6B4-4E13-A6E7-2344A9E21096}
		{558016D6-9C3B-44EE-8189-A6836F7B261F} = {558016D6-9C3B-44EE-8189-A6836F7B261F}
	EndProjectSection
EndProject
Project("{FAE04EC0-301F-11D3-BF4B-00C04F79EFBC}") = "Selenium", "Selenium\Selenium.csproj", "{47F53381-A6B4-4E13-A6E7-2344A9E21096}"
EndProject
Project("{FAE04EC0-301F-11D3-BF4B-00C04F79EFBC}") = "Banker", "Banker\Banker.csproj", "{558016D6-9C3B-44EE-8189-A6836F7B261F}"
EndProject
Project("{2150E333-8FDC-42A3-9474-1A3956D46DE8}") = "Workers", "Workers", "{3C637FFF-F2E3-4148-9C45-115ED1C22C67}"
EndProject
Project("{2150E333-8FDC-42A3-9474-1A3956D46DE8}") = "API", "API", "{386CED39-7546-4644-AA5A-DE37DA2A891D}"
EndProject
Project("{2150E333-8FDC-42A3-9474-1A3956D46DE8}") = "Libraries", "Libraries", "{5E284A08-B8DC-4099-BC03-81BEE519A056}"
EndProject
Project("{2150E333-8FDC-42A3-9474-1A3956D46DE8}") = "Banking", "Banking", "{697E167F-EA73-4B1F-B38B-DB9F252DCDF6}"
EndProject
Project("{FAE04EC0-301F-11D3-BF4B-00C04F79EFBC}") = "BankLibrary", "BankLibrary\BankLibrary.csproj", "{8FB5A5FA-BCBA-4E42-9F12-E9AF2885C4F7}"
EndProject
Project("{FAE04EC0-301F-11D3-BF4B-00C04F79EFBC}") = "Interfaces", "Interfaces\Interfaces.csproj", "{DA4F69B9-912D-4411-B016-C836F3D7F498}"
EndProject
Project("{FAE04EC0-301F-11D3-BF4B-00C04F79EFBC}") = "InfrastructureLibrary", "InfrastructureLibrary\InfrastructureLibrary.csproj", "{84FC54D4-6FDE-4835-906B-4DB64A720CA3}"
EndProject
Project("{FAE04EC0-301F-11D3-BF4B-00C04F79EFBC}") = "DataLibrary", "DataLibrary\DataLibrary.csproj", "{9E243031-115B-464E-8718-B57E92F08887}"
EndProject
Project("{2150E333-8FDC-42A3-9474-1A3956D46DE8}") = "Solution Items", "Solution Items", "{0CE2F915-B38D-4557-9A2C-51FD6F17EC26}"
	ProjectSection(SolutionItems) = preProject
		..\deploy.cmd = ..\deploy.cmd
		..\README.md = ..\README.md
	EndProjectSection
EndProject
Project("{FAE04EC0-301F-11D3-BF4B-00C04F79EFBC}") = "UserService", "UserService\UserService.csproj", "{F978B3D5-F183-4B05-9B03-51715FD2F125}"
EndProject
Project("{FAE04EC0-301F-11D3-BF4B-00C04F79EFBC}") = "KeyVault", "KeyVault\KeyVault.csproj", "{3C30F43D-EE63-45B0-AC2C-F032DF052F86}"
EndProject
Project("{FAE04EC0-301F-11D3-BF4B-00C04F79EFBC}") = "Utility", "Utility\Utility.csproj", "{00F06FC4-6887-41B1-91D1-4BA92127ECDC}"
EndProject
Project("{2150E333-8FDC-42A3-9474-1A3956D46DE8}") = "Tests", "Tests", "{44D7B079-D95C-4FEA-8942-94434EE15DCD}"
EndProject
Project("{FAE04EC0-301F-11D3-BF4B-00C04F79EFBC}") = "KeyVaultTests", "KeyVaultTests\KeyVaultTests.csproj", "{AA708B94-B7F9-4D62-B8BD-12E969E6FB76}"
EndProject
Project("{2150E333-8FDC-42A3-9474-1A3956D46DE8}") = "Secrets", "Secrets", "{39D169FC-6F26-46FD-96E6-A90794426A19}"
EndProject
Project("{FAE04EC0-301F-11D3-BF4B-00C04F79EFBC}") = "SecretsLibrary", "SecretsLibrary\SecretsLibrary.csproj", "{F3952029-DDC3-4325-9165-66DD23A37B21}"
EndProject
Project("{FAE04EC0-301F-11D3-BF4B-00C04F79EFBC}") = "Testing", "Testing\Testing.csproj", "{05405EFB-E70D-4EDA-8A12-E00EA43AF0B3}"
EndProject
Global
	GlobalSection(SolutionConfigurationPlatforms) = preSolution
		Debug|Any CPU = Debug|Any CPU
		Release|Any CPU = Release|Any CPU
	EndGlobalSection
	GlobalSection(ProjectConfigurationPlatforms) = postSolution
		{824F7566-19D1-4176-BD50-32C6CF8FD950}.Debug|Any CPU.ActiveCfg = Debug|Any CPU
		{824F7566-19D1-4176-BD50-32C6CF8FD950}.Debug|Any CPU.Build.0 = Debug|Any CPU
		{824F7566-19D1-4176-BD50-32C6CF8FD950}.Release|Any CPU.ActiveCfg = Release|Any CPU
		{824F7566-19D1-4176-BD50-32C6CF8FD950}.Release|Any CPU.Build.0 = Release|Any CPU
		{47F53381-A6B4-4E13-A6E7-2344A9E21096}.Debug|Any CPU.ActiveCfg = Debug|Any CPU
		{47F53381-A6B4-4E13-A6E7-2344A9E21096}.Debug|Any CPU.Build.0 = Debug|Any CPU
		{47F53381-A6B4-4E13-A6E7-2344A9E21096}.Release|Any CPU.ActiveCfg = Release|Any CPU
		{47F53381-A6B4-4E13-A6E7-2344A9E21096}.Release|Any CPU.Build.0 = Release|Any CPU
		{558016D6-9C3B-44EE-8189-A6836F7B261F}.Debug|Any CPU.ActiveCfg = Debug|Any CPU
		{558016D6-9C3B-44EE-8189-A6836F7B261F}.Debug|Any CPU.Build.0 = Debug|Any CPU
		{558016D6-9C3B-44EE-8189-A6836F7B261F}.Release|Any CPU.ActiveCfg = Release|Any CPU
		{558016D6-9C3B-44EE-8189-A6836F7B261F}.Release|Any CPU.Build.0 = Release|Any CPU
		{8FB5A5FA-BCBA-4E42-9F12-E9AF2885C4F7}.Debug|Any CPU.ActiveCfg = Debug|Any CPU
		{8FB5A5FA-BCBA-4E42-9F12-E9AF2885C4F7}.Debug|Any CPU.Build.0 = Debug|Any CPU
		{8FB5A5FA-BCBA-4E42-9F12-E9AF2885C4F7}.Release|Any CPU.ActiveCfg = Release|Any CPU
		{8FB5A5FA-BCBA-4E42-9F12-E9AF2885C4F7}.Release|Any CPU.Build.0 = Release|Any CPU
		{DA4F69B9-912D-4411-B016-C836F3D7F498}.Debug|Any CPU.ActiveCfg = Debug|Any CPU
		{DA4F69B9-912D-4411-B016-C836F3D7F498}.Debug|Any CPU.Build.0 = Debug|Any CPU
		{DA4F69B9-912D-4411-B016-C836F3D7F498}.Release|Any CPU.ActiveCfg = Release|Any CPU
		{DA4F69B9-912D-4411-B016-C836F3D7F498}.Release|Any CPU.Build.0 = Release|Any CPU
		{84FC54D4-6FDE-4835-906B-4DB64A720CA3}.Debug|Any CPU.ActiveCfg = Debug|Any CPU
		{84FC54D4-6FDE-4835-906B-4DB64A720CA3}.Debug|Any CPU.Build.0 = Debug|Any CPU
		{84FC54D4-6FDE-4835-906B-4DB64A720CA3}.Release|Any CPU.ActiveCfg = Release|Any CPU
		{84FC54D4-6FDE-4835-906B-4DB64A720CA3}.Release|Any CPU.Build.0 = Release|Any CPU
		{9E243031-115B-464E-8718-B57E92F08887}.Debug|Any CPU.ActiveCfg = Debug|Any CPU
		{9E243031-115B-464E-8718-B57E92F08887}.Debug|Any CPU.Build.0 = Debug|Any CPU
		{9E243031-115B-464E-8718-B57E92F08887}.Release|Any CPU.ActiveCfg = Release|Any CPU
		{9E243031-115B-464E-8718-B57E92F08887}.Release|Any CPU.Build.0 = Release|Any CPU
		{F978B3D5-F183-4B05-9B03-51715FD2F125}.Debug|Any CPU.ActiveCfg = Debug|Any CPU
		{F978B3D5-F183-4B05-9B03-51715FD2F125}.Debug|Any CPU.Build.0 = Debug|Any CPU
		{F978B3D5-F183-4B05-9B03-51715FD2F125}.Release|Any CPU.ActiveCfg = Release|Any CPU
		{F978B3D5-F183-4B05-9B03-51715FD2F125}.Release|Any CPU.Build.0 = Release|Any CPU
		{3C30F43D-EE63-45B0-AC2C-F032DF052F86}.Debug|Any CPU.ActiveCfg = Debug|Any CPU
		{3C30F43D-EE63-45B0-AC2C-F032DF052F86}.Debug|Any CPU.Build.0 = Debug|Any CPU
		{3C30F43D-EE63-45B0-AC2C-F032DF052F86}.Release|Any CPU.ActiveCfg = Release|Any CPU
		{3C30F43D-EE63-45B0-AC2C-F032DF052F86}.Release|Any CPU.Build.0 = Release|Any CPU
		{00F06FC4-6887-41B1-91D1-4BA92127ECDC}.Debug|Any CPU.ActiveCfg = Debug|Any CPU
		{00F06FC4-6887-41B1-91D1-4BA92127ECDC}.Debug|Any CPU.Build.0 = Debug|Any CPU
		{00F06FC4-6887-41B1-91D1-4BA92127ECDC}.Release|Any CPU.ActiveCfg = Release|Any CPU
		{00F06FC4-6887-41B1-91D1-4BA92127ECDC}.Release|Any CPU.Build.0 = Release|Any CPU
		{AA708B94-B7F9-4D62-B8BD-12E969E6FB76}.Debug|Any CPU.ActiveCfg = Debug|Any CPU
		{AA708B94-B7F9-4D62-B8BD-12E969E6FB76}.Debug|Any CPU.Build.0 = Debug|Any CPU
		{AA708B94-B7F9-4D62-B8BD-12E969E6FB76}.Release|Any CPU.ActiveCfg = Release|Any CPU
		{AA708B94-B7F9-4D62-B8BD-12E969E6FB76}.Release|Any CPU.Build.0 = Release|Any CPU
		{F3952029-DDC3-4325-9165-66DD23A37B21}.Debug|Any CPU.ActiveCfg = Debug|Any CPU
		{F3952029-DDC3-4325-9165-66DD23A37B21}.Debug|Any CPU.Build.0 = Debug|Any CPU
		{F3952029-DDC3-4325-9165-66DD23A37B21}.Release|Any CPU.ActiveCfg = Release|Any CPU
		{F3952029-DDC3-4325-9165-66DD23A37B21}.Release|Any CPU.Build.0 = Release|Any CPU
		{05405EFB-E70D-4EDA-8A12-E00EA43AF0B3}.Debug|Any CPU.ActiveCfg = Debug|Any CPU
		{05405EFB-E70D-4EDA-8A12-E00EA43AF0B3}.Debug|Any CPU.Build.0 = Debug|Any CPU
		{05405EFB-E70D-4EDA-8A12-E00EA43AF0B3}.Release|Any CPU.ActiveCfg = Release|Any CPU
		{05405EFB-E70D-4EDA-8A12-E00EA43AF0B3}.Release|Any CPU.Build.0 = Release|Any CPU
	EndGlobalSection
	GlobalSection(SolutionProperties) = preSolution
		HideSolutionNode = FALSE
	EndGlobalSection
	GlobalSection(NestedProjects) = preSolution
		{824F7566-19D1-4176-BD50-32C6CF8FD950} = {386CED39-7546-4644-AA5A-DE37DA2A891D}
		{47F53381-A6B4-4E13-A6E7-2344A9E21096} = {3C637FFF-F2E3-4148-9C45-115ED1C22C67}
		{558016D6-9C3B-44EE-8189-A6836F7B261F} = {3C637FFF-F2E3-4148-9C45-115ED1C22C67}
		{697E167F-EA73-4B1F-B38B-DB9F252DCDF6} = {5E284A08-B8DC-4099-BC03-81BEE519A056}
		{8FB5A5FA-BCBA-4E42-9F12-E9AF2885C4F7} = {697E167F-EA73-4B1F-B38B-DB9F252DCDF6}
		{DA4F69B9-912D-4411-B016-C836F3D7F498} = {5E284A08-B8DC-4099-BC03-81BEE519A056}
		{84FC54D4-6FDE-4835-906B-4DB64A720CA3} = {697E167F-EA73-4B1F-B38B-DB9F252DCDF6}
		{9E243031-115B-464E-8718-B57E92F08887} = {697E167F-EA73-4B1F-B38B-DB9F252DCDF6}
		{F978B3D5-F183-4B05-9B03-51715FD2F125} = {386CED39-7546-4644-AA5A-DE37DA2A891D}
		{3C30F43D-EE63-45B0-AC2C-F032DF052F86} = {386CED39-7546-4644-AA5A-DE37DA2A891D}
		{00F06FC4-6887-41B1-91D1-4BA92127ECDC} = {5E284A08-B8DC-4099-BC03-81BEE519A056}
		{AA708B94-B7F9-4D62-B8BD-12E969E6FB76} = {44D7B079-D95C-4FEA-8942-94434EE15DCD}
		{39D169FC-6F26-46FD-96E6-A90794426A19} = {5E284A08-B8DC-4099-BC03-81BEE519A056}
		{F3952029-DDC3-4325-9165-66DD23A37B21} = {39D169FC-6F26-46FD-96E6-A90794426A19}
		{05405EFB-E70D-4EDA-8A12-E00EA43AF0B3} = {5E284A08-B8DC-4099-BC03-81BEE519A056}
	EndGlobalSection
EndGlobal
